{
    "version": 3,
    "terraform_version": "0.11.3",
    "serial": 12,
    "lineage": "a0910f8d-6d8d-406f-9fc3-0e1eda37498a",
    "modules": [
        {
            "path": [
                "root"
            ],
            "outputs": {
                "instance": {
                    "sensitive": false,
                    "type": "string",
                    "value": "54.90.84.94"
                }
            },
            "resources": {
                "aws_instance.users": {
                    "type": "aws_instance",
                    "depends_on": [
                        "aws_key_pair.my-ssh-key",
                        "aws_security_group.allow-ssh",
                        "aws_subnet.main-public-1",
                        "data.template_cloudinit_config.cloudinit-users"
                    ],
                    "primary": {
                        "id": "i-0400d78e691412b9b",
                        "attributes": {
                            "ami": "ami-43a15f3e",
                            "associate_public_ip_address": "true",
                            "availability_zone": "us-east-1a",
                            "disable_api_termination": "false",
                            "ebs_block_device.#": "0",
                            "ebs_optimized": "false",
                            "ephemeral_block_device.#": "0",
                            "get_password_data": "false",
                            "iam_instance_profile": "",
                            "id": "i-0400d78e691412b9b",
                            "instance_state": "running",
                            "instance_type": "t2.micro",
                            "ipv6_addresses.#": "0",
                            "key_name": "my-ssh-key",
                            "monitoring": "false",
                            "network_interface.#": "0",
                            "network_interface_id": "eni-542a50c7",
                            "password_data": "",
                            "placement_group": "",
                            "primary_network_interface_id": "eni-542a50c7",
                            "private_dns": "ip-10-0-1-215.ec2.internal",
                            "private_ip": "10.0.1.215",
                            "public_dns": "ec2-54-90-84-94.compute-1.amazonaws.com",
                            "public_ip": "54.90.84.94",
                            "root_block_device.#": "1",
                            "root_block_device.0.delete_on_termination": "true",
                            "root_block_device.0.iops": "100",
                            "root_block_device.0.volume_id": "vol-0bc623506e2a3d4f8",
                            "root_block_device.0.volume_size": "8",
                            "root_block_device.0.volume_type": "gp2",
                            "security_groups.#": "0",
                            "source_dest_check": "true",
                            "subnet_id": "subnet-8ab4b3a5",
                            "tags.%": "0",
                            "tenancy": "default",
                            "user_data": "18f969447a4e3f418cc1e2701a54ca3c67ea2477",
                            "volume_tags.%": "0",
                            "vpc_security_group_ids.#": "1",
                            "vpc_security_group_ids.1870948677": "sg-1c0c0a6a"
                        },
                        "meta": {
                            "e2bfb730-ecaa-11e6-8f88-34363bc7c4c0": {
                                "create": 600000000000,
                                "delete": 1200000000000,
                                "update": 600000000000
                            },
                            "schema_version": "1"
                        },
                        "tainted": false
                    },
                    "deposed": [],
                    "provider": "provider.aws"
                },
                "aws_internet_gateway.main-gw": {
                    "type": "aws_internet_gateway",
                    "depends_on": [
                        "aws_vpc.main"
                    ],
                    "primary": {
                        "id": "igw-2ee45256",
                        "attributes": {
                            "id": "igw-2ee45256",
                            "tags.%": "1",
                            "tags.Name": "main",
                            "vpc_id": "vpc-9c900ee7"
                        },
                        "meta": {},
                        "tainted": false
                    },
                    "deposed": [],
                    "provider": "provider.aws"
                },
                "aws_key_pair.my-ssh-key": {
                    "type": "aws_key_pair",
                    "depends_on": [],
                    "primary": {
                        "id": "my-ssh-key",
                        "attributes": {
                            "fingerprint": "5a:a0:6b:22:3e:a2:da:46:86:a7:82:ad:74:9b:1a:63",
                            "id": "my-ssh-key",
                            "key_name": "my-ssh-key",
                            "public_key": "ssh-rsa AAAAB3NzaC1yc2EAAAADAQABAAABAQDPZLN7pJQNlzN5+DVq/N/yty2rsDuMziN3ofiu4pz7sKzLDka5zW1SUfwuqQgzPISQmblXifIAvb3MhBI+60SofYM8MdhBhobV2xHPBwGHYdmC1HbfWehCr9N7wjcOzUO1mYW98kip0k+cltnr/3HBb+5Jcw8oN2OH4I6JmJOBNrmqgo2qUxfWQO5xAzGEdBTIYAyNwpOrAQoVlDl3oSgcmbRvUIevjT1P/WISFRGGBdsfh1gxs22HcNQWWtVIrPOChwyOFVni40d1i6cBd/3MDwg4T5lspR/414v0rSY2U/jCk9HQdLv5TFq/0NA3+b+vISIcrFH1eQ1argmGrSMx testlab@deblab"
                        },
                        "meta": {
                            "schema_version": "1"
                        },
                        "tainted": false
                    },
                    "deposed": [],
                    "provider": "provider.aws"
                },
                "aws_route_table.main-public": {
                    "type": "aws_route_table",
                    "depends_on": [
                        "aws_internet_gateway.main-gw",
                        "aws_vpc.main"
                    ],
                    "primary": {
                        "id": "rtb-8cb024f0",
                        "attributes": {
                            "id": "rtb-8cb024f0",
                            "propagating_vgws.#": "0",
                            "route.#": "1",
                            "route.1672774209.cidr_block": "0.0.0.0/0",
                            "route.1672774209.egress_only_gateway_id": "",
                            "route.1672774209.gateway_id": "igw-2ee45256",
                            "route.1672774209.instance_id": "",
                            "route.1672774209.ipv6_cidr_block": "",
                            "route.1672774209.nat_gateway_id": "",
                            "route.1672774209.network_interface_id": "",
                            "route.1672774209.vpc_peering_connection_id": "",
                            "tags.%": "1",
                            "tags.Name": "main-public-1",
                            "vpc_id": "vpc-9c900ee7"
                        },
                        "meta": {},
                        "tainted": false
                    },
                    "deposed": [],
                    "provider": "provider.aws"
                },
                "aws_route_table_association.main-public-1-a": {
                    "type": "aws_route_table_association",
                    "depends_on": [
                        "aws_route_table.main-public",
                        "aws_subnet.main-public-1"
                    ],
                    "primary": {
                        "id": "rtbassoc-16cd0b69",
                        "attributes": {
                            "id": "rtbassoc-16cd0b69",
                            "route_table_id": "rtb-8cb024f0",
                            "subnet_id": "subnet-8ab4b3a5"
                        },
                        "meta": {},
                        "tainted": false
                    },
                    "deposed": [],
                    "provider": "provider.aws"
                },
                "aws_security_group.allow-ssh": {
                    "type": "aws_security_group",
                    "depends_on": [
                        "aws_vpc.main"
                    ],
                    "primary": {
                        "id": "sg-1c0c0a6a",
                        "attributes": {
                            "arn": "arn:aws:ec2:us-east-1:290080638132:security-group/sg-1c0c0a6a",
                            "description": "security group that allows ssh and all egress traffic",
                            "egress.#": "1",
                            "egress.482069346.cidr_blocks.#": "1",
                            "egress.482069346.cidr_blocks.0": "0.0.0.0/0",
                            "egress.482069346.description": "",
                            "egress.482069346.from_port": "0",
                            "egress.482069346.ipv6_cidr_blocks.#": "0",
                            "egress.482069346.prefix_list_ids.#": "0",
                            "egress.482069346.protocol": "-1",
                            "egress.482069346.security_groups.#": "0",
                            "egress.482069346.self": "false",
                            "egress.482069346.to_port": "0",
                            "id": "sg-1c0c0a6a",
                            "ingress.#": "1",
                            "ingress.1787855860.cidr_blocks.#": "1",
                            "ingress.1787855860.cidr_blocks.0": "186.60.37.189/32",
                            "ingress.1787855860.description": "",
                            "ingress.1787855860.from_port": "22",
                            "ingress.1787855860.ipv6_cidr_blocks.#": "0",
                            "ingress.1787855860.protocol": "tcp",
                            "ingress.1787855860.security_groups.#": "0",
                            "ingress.1787855860.self": "false",
                            "ingress.1787855860.to_port": "22",
                            "name": "allow-ssh",
                            "owner_id": "290080638132",
                            "revoke_rules_on_delete": "false",
                            "tags.%": "1",
                            "tags.Name": "allow-ssh",
                            "vpc_id": "vpc-9c900ee7"
                        },
                        "meta": {
                            "e2bfb730-ecaa-11e6-8f88-34363bc7c4c0": {
                                "create": 600000000000,
                                "delete": 600000000000
                            },
                            "schema_version": "1"
                        },
                        "tainted": false
                    },
                    "deposed": [],
                    "provider": "provider.aws"
                },
                "aws_subnet.main-private-1": {
                    "type": "aws_subnet",
                    "depends_on": [
                        "aws_vpc.main"
                    ],
                    "primary": {
                        "id": "subnet-61bfb84e",
                        "attributes": {
                            "assign_ipv6_address_on_creation": "false",
                            "availability_zone": "us-east-1a",
                            "cidr_block": "10.0.4.0/24",
                            "id": "subnet-61bfb84e",
                            "map_public_ip_on_launch": "false",
                            "tags.%": "1",
                            "tags.Name": "main-private-1",
                            "vpc_id": "vpc-9c900ee7"
                        },
                        "meta": {
                            "schema_version": "1"
                        },
                        "tainted": false
                    },
                    "deposed": [],
                    "provider": "provider.aws"
                },
                "aws_subnet.main-public-1": {
                    "type": "aws_subnet",
                    "depends_on": [
                        "aws_vpc.main"
                    ],
                    "primary": {
                        "id": "subnet-8ab4b3a5",
                        "attributes": {
                            "assign_ipv6_address_on_creation": "false",
                            "availability_zone": "us-east-1a",
                            "cidr_block": "10.0.1.0/24",
                            "id": "subnet-8ab4b3a5",
                            "map_public_ip_on_launch": "true",
                            "tags.%": "1",
                            "tags.Name": "main-public-1",
                            "vpc_id": "vpc-9c900ee7"
                        },
                        "meta": {
                            "schema_version": "1"
                        },
                        "tainted": false
                    },
                    "deposed": [],
                    "provider": "provider.aws"
                },
                "aws_vpc.main": {
                    "type": "aws_vpc",
                    "depends_on": [],
                    "primary": {
                        "id": "vpc-9c900ee7",
                        "attributes": {
                            "assign_generated_ipv6_cidr_block": "false",
                            "cidr_block": "10.0.0.0/16",
                            "default_network_acl_id": "acl-45ae593f",
                            "default_route_table_id": "rtb-c3b521bf",
                            "default_security_group_id": "sg-03070175",
                            "dhcp_options_id": "dopt-8999cdef",
                            "enable_classiclink": "false",
                            "enable_classiclink_dns_support": "false",
                            "enable_dns_hostnames": "true",
                            "enable_dns_support": "true",
                            "id": "vpc-9c900ee7",
                            "instance_tenancy": "default",
                            "main_route_table_id": "rtb-c3b521bf",
                            "tags.%": "1",
                            "tags.Name": "main"
                        },
                        "meta": {
                            "schema_version": "1"
                        },
                        "tainted": false
                    },
                    "deposed": [],
                    "provider": "provider.aws"
                },
                "data.template_cloudinit_config.cloudinit-users": {
                    "type": "template_cloudinit_config",
                    "depends_on": [
                        "data.template_file.init-script",
                        "data.template_file.shell-script"
                    ],
                    "primary": {
                        "id": "3771519075",
                        "attributes": {
                            "base64_encode": "false",
                            "gzip": "false",
                            "id": "3771519075",
                            "part.#": "2",
                            "part.0.content": "#cloud-config\n\nrepo_update: true\nrepo_upgrade: all\n\npackages:\n  - make\n  - build-essential\n  - libssl-dev\n  - zlib1g-dev\n  - libbz2-dev\n  - xz-utils\n  - tk-dev\n  - libreadline-dev\n  - libsqlite3-dev\n  - wget\n  - curl\n  - llvm\n  - libncurses5-dev\n  - libncursesw5-dev\n\n\noutput:\n  all: '| tee -a /var/log/cloud-init-output.log'\n",
                            "part.0.content_type": "text/cloud-config",
                            "part.0.filename": "init.cfg",
                            "part.0.merge_type": "",
                            "part.1.content": "#!/bin/bash\n\nset -ex\n\nexport HOME=\"/root\"\nexport APP_HOME=\"/usr/local\"\n\ncd $HOME\n\n# Install pyenv\ncurl -L https://github.com/pyenv/pyenv-installer/raw/master/bin/pyenv-installer | bash\n\necho 'export PATH=\"$HOME/.pyenv/bin:$PATH\"' \u003e\u003e $HOME/.bash_profile\necho 'eval \"$(pyenv init -)\"' \u003e\u003e $HOME/.bash_profile\necho 'eval \"$(pyenv virtualenv-init -)\"' \u003e\u003e $HOME/.bash_profile\n\nsource $HOME/.bash_profile\n\n#Install python 3.6.0\npyenv install 3.6.0\n\ngit clone https://github.com/marianojabdala/microservices.git $APP_HOME/app\n\ncd $APP_HOME/app/users\n\n#Creates a new virtual env\npyenv virtualenv python-virtual\n\n#Activate new python environment\npyenv activate python-virtual\n\n#upgrade pip\npip install pip --upgrade\n\n#Install the requirements\npip install -r requirements.txt\n\nmake run\n",
                            "part.1.content_type": "text/x-shellscript",
                            "part.1.filename": "",
                            "part.1.merge_type": "",
                            "rendered": "Content-Type: multipart/mixed; boundary=\"MIMEBOUNDARY\"\nMIME-Version: 1.0\r\n\r\n--MIMEBOUNDARY\r\nContent-Disposition: attachment; filename=\"init.cfg\"\r\nContent-Transfer-Encoding: 7bit\r\nContent-Type: text/cloud-config\r\nMime-Version: 1.0\r\n\r\n#cloud-config\n\nrepo_update: true\nrepo_upgrade: all\n\npackages:\n  - make\n  - build-essential\n  - libssl-dev\n  - zlib1g-dev\n  - libbz2-dev\n  - xz-utils\n  - tk-dev\n  - libreadline-dev\n  - libsqlite3-dev\n  - wget\n  - curl\n  - llvm\n  - libncurses5-dev\n  - libncursesw5-dev\n\n\noutput:\n  all: '| tee -a /var/log/cloud-init-output.log'\n\r\n--MIMEBOUNDARY\r\nContent-Transfer-Encoding: 7bit\r\nContent-Type: text/x-shellscript\r\nMime-Version: 1.0\r\n\r\n#!/bin/bash\n\nset -ex\n\nexport HOME=\"/root\"\nexport APP_HOME=\"/usr/local\"\n\ncd $HOME\n\n# Install pyenv\ncurl -L https://github.com/pyenv/pyenv-installer/raw/master/bin/pyenv-installer | bash\n\necho 'export PATH=\"$HOME/.pyenv/bin:$PATH\"' \u003e\u003e $HOME/.bash_profile\necho 'eval \"$(pyenv init -)\"' \u003e\u003e $HOME/.bash_profile\necho 'eval \"$(pyenv virtualenv-init -)\"' \u003e\u003e $HOME/.bash_profile\n\nsource $HOME/.bash_profile\n\n#Install python 3.6.0\npyenv install 3.6.0\n\ngit clone https://github.com/marianojabdala/microservices.git $APP_HOME/app\n\ncd $APP_HOME/app/users\n\n#Creates a new virtual env\npyenv virtualenv python-virtual\n\n#Activate new python environment\npyenv activate python-virtual\n\n#upgrade pip\npip install pip --upgrade\n\n#Install the requirements\npip install -r requirements.txt\n\nmake run\n\r\n--MIMEBOUNDARY--\r\n"
                        },
                        "meta": {},
                        "tainted": false
                    },
                    "deposed": [],
                    "provider": "provider.template"
                },
                "data.template_file.init-script": {
                    "type": "template_file",
                    "depends_on": [],
                    "primary": {
                        "id": "255a8fb53e1d6aa6d3f4069cb6fcdd81b89339e2bf23af2e05839570753f97f3",
                        "attributes": {
                            "id": "255a8fb53e1d6aa6d3f4069cb6fcdd81b89339e2bf23af2e05839570753f97f3",
                            "rendered": "#cloud-config\n\nrepo_update: true\nrepo_upgrade: all\n\npackages:\n  - make\n  - build-essential\n  - libssl-dev\n  - zlib1g-dev\n  - libbz2-dev\n  - xz-utils\n  - tk-dev\n  - libreadline-dev\n  - libsqlite3-dev\n  - wget\n  - curl\n  - llvm\n  - libncurses5-dev\n  - libncursesw5-dev\n\n\noutput:\n  all: '| tee -a /var/log/cloud-init-output.log'\n",
                            "template": "#cloud-config\n\nrepo_update: true\nrepo_upgrade: all\n\npackages:\n  - make\n  - build-essential\n  - libssl-dev\n  - zlib1g-dev\n  - libbz2-dev\n  - xz-utils\n  - tk-dev\n  - libreadline-dev\n  - libsqlite3-dev\n  - wget\n  - curl\n  - llvm\n  - libncurses5-dev\n  - libncursesw5-dev\n\n\noutput:\n  all: '| tee -a /var/log/cloud-init-output.log'\n",
                            "vars.%": "1",
                            "vars.REGION": "us-east-1"
                        },
                        "meta": {},
                        "tainted": false
                    },
                    "deposed": [],
                    "provider": "provider.template"
                },
                "data.template_file.shell-script": {
                    "type": "template_file",
                    "depends_on": [],
                    "primary": {
                        "id": "63a479e2a304d24a0e7294adb40c9803ec6bd674c91e427bf4485ebee2a82f91",
                        "attributes": {
                            "id": "63a479e2a304d24a0e7294adb40c9803ec6bd674c91e427bf4485ebee2a82f91",
                            "rendered": "#!/bin/bash\n\nset -ex\n\nexport HOME=\"/root\"\nexport APP_HOME=\"/usr/local\"\n\ncd $HOME\n\n# Install pyenv\ncurl -L https://github.com/pyenv/pyenv-installer/raw/master/bin/pyenv-installer | bash\n\necho 'export PATH=\"$HOME/.pyenv/bin:$PATH\"' \u003e\u003e $HOME/.bash_profile\necho 'eval \"$(pyenv init -)\"' \u003e\u003e $HOME/.bash_profile\necho 'eval \"$(pyenv virtualenv-init -)\"' \u003e\u003e $HOME/.bash_profile\n\nsource $HOME/.bash_profile\n\n#Install python 3.6.0\npyenv install 3.6.0\n\ngit clone https://github.com/marianojabdala/microservices.git $APP_HOME/app\n\ncd $APP_HOME/app/users\n\n#Creates a new virtual env\npyenv virtualenv python-virtual\n\n#Activate new python environment\npyenv activate python-virtual\n\n#upgrade pip\npip install pip --upgrade\n\n#Install the requirements\npip install -r requirements.txt\n\nmake run\n",
                            "template": "#!/bin/bash\n\nset -ex\n\nexport HOME=\"/root\"\nexport APP_HOME=\"/usr/local\"\n\ncd $HOME\n\n# Install pyenv\ncurl -L https://github.com/pyenv/pyenv-installer/raw/master/bin/pyenv-installer | bash\n\necho 'export PATH=\"$HOME/.pyenv/bin:$PATH\"' \u003e\u003e $HOME/.bash_profile\necho 'eval \"$(pyenv init -)\"' \u003e\u003e $HOME/.bash_profile\necho 'eval \"$(pyenv virtualenv-init -)\"' \u003e\u003e $HOME/.bash_profile\n\nsource $HOME/.bash_profile\n\n#Install python 3.6.0\npyenv install 3.6.0\n\ngit clone https://github.com/marianojabdala/microservices.git $APP_HOME/app\n\ncd $APP_HOME/app/users\n\n#Creates a new virtual env\npyenv virtualenv python-virtual\n\n#Activate new python environment\npyenv activate python-virtual\n\n#upgrade pip\npip install pip --upgrade\n\n#Install the requirements\npip install -r requirements.txt\n\nmake run\n"
                        },
                        "meta": {},
                        "tainted": false
                    },
                    "deposed": [],
                    "provider": "provider.template"
                }
            },
            "depends_on": []
        }
    ]
}
